{
  "name": "fetching-hashnode-posts",
  "version": "1.1.1",
  "lockfileVersion": 2,
  "requires": true,
  "packages": {
    "": {
      "name": "fetching-hashnode-posts",
      "version": "1.1.1",
      "license": "ISC",
      "dependencies": {
        "automatic-versioning": "^1.4.9",
        "node-fetch": "^2.6.1"
      }
    },
    "node_modules/@actions/exec": {
      "version": "1.1.1",
      "resolved": "https://registry.npmjs.org/@actions/exec/-/exec-1.1.1.tgz",
      "integrity": "sha512-+sCcHHbVdk93a0XT19ECtO/gIXoxvdsgQLzb2fE2/5sIZmWQuluYyjPQtrtTHdU1YzTZ7bAPN4sITq2xi1679w==",
      "dependencies": {
        "@actions/io": "^1.0.1"
      }
    },
    "node_modules/@actions/io": {
      "version": "1.1.2",
      "resolved": "https://registry.npmjs.org/@actions/io/-/io-1.1.2.tgz",
      "integrity": "sha512-d+RwPlMp+2qmBfeLYPLXuSRykDIFEwdTA0MMxzS9kh4kvP1ftrc/9fzy6pX6qAjthdXruHQ6/6kjT/DNo5ALuw=="
    },
    "node_modules/automatic-versioning": {
      "version": "1.4.9",
      "resolved": "https://registry.npmjs.org/automatic-versioning/-/automatic-versioning-1.4.9.tgz",
      "integrity": "sha512-nVlknhYVYhEZXn+Sevv66MzK8U8bbuXPU1HwIqyyQPRE9Ug9GXLg5yMaxCDiFPpuZWvn3fFfdzGEbw5d3NsKpg==",
      "dependencies": {
        "@actions/exec": "^1.1.1",
        "colors": "^1.4.0"
      }
    },
    "node_modules/colors": {
      "version": "1.4.0",
      "resolved": "https://registry.npmjs.org/colors/-/colors-1.4.0.tgz",
      "integrity": "sha512-a+UqTh4kgZg/SlGvfbzDHpgRu7AAQOmmqRHJnxhRZICKFUT91brVhNNt58CMWU9PsBbv3PDCZUHbVxuDiH2mtA==",
      "engines": {
        "node": ">=0.1.90"
      }
    },
    "node_modules/node-fetch": {
      "version": "2.6.1",
      "resolved": "https://registry.npmjs.org/node-fetch/-/node-fetch-2.6.1.tgz",
      "integrity": "sha512-V4aYg89jEoVRxRb2fJdAg8FHvI7cEyYdVAh94HH0UIK8oJxUfkjlDQN9RbMx+bEjP7+ggMiFRprSti032Oipxw==",
      "engines": {
        "node": "4.x || >=6.0.0"
      }
    }
  },
  "dependencies": {
    "@actions/exec": {
      "version": "1.1.1",
      "resolved": "https://registry.npmjs.org/@actions/exec/-/exec-1.1.1.tgz",
      "integrity": "sha512-+sCcHHbVdk93a0XT19ECtO/gIXoxvdsgQLzb2fE2/5sIZmWQuluYyjPQtrtTHdU1YzTZ7bAPN4sITq2xi1679w==",
      "requires": {
        "@actions/io": "^1.0.1"
      }
    },
    "@actions/io": {
      "version": "1.1.2",
      "resolved": "https://registry.npmjs.org/@actions/io/-/io-1.1.2.tgz",
      "integrity": "sha512-d+RwPlMp+2qmBfeLYPLXuSRykDIFEwdTA0MMxzS9kh4kvP1ftrc/9fzy6pX6qAjthdXruHQ6/6kjT/DNo5ALuw=="
    },
    "automatic-versioning": {
      "version": "1.4.9",
      "resolved": "https://registry.npmjs.org/automatic-versioning/-/automatic-versioning-1.4.9.tgz",
      "integrity": "sha512-nVlknhYVYhEZXn+Sevv66MzK8U8bbuXPU1HwIqyyQPRE9Ug9GXLg5yMaxCDiFPpuZWvn3fFfdzGEbw5d3NsKpg==",
      "requires": {
        "@actions/exec": "^1.1.1",
        "colors": "^1.4.0"
      }
    },
    "colors": {
      "version": "1.4.0",
      "resolved": "https://registry.npmjs.org/colors/-/colors-1.4.0.tgz",
      "integrity": "sha512-a+UqTh4kgZg/SlGvfbzDHpgRu7AAQOmmqRHJnxhRZICKFUT91brVhNNt58CMWU9PsBbv3PDCZUHbVxuDiH2mtA=="
    },
    "node-fetch": {
      "version": "2.6.1",
      "resolved": "https://registry.npmjs.org/node-fetch/-/node-fetch-2.6.1.tgz",
      "integrity": "sha512-V4aYg89jEoVRxRb2fJdAg8FHvI7cEyYdVAh94HH0UIK8oJxUfkjlDQN9RbMx+bEjP7+ggMiFRprSti032Oipxw=="
    }
  }
}
